// !$*UTF8*$!
{
	archiveVersion = 1;
	classes = {
	};
	objectVersion = 50;
	objects = {

/* Begin PBXBuildFile section */
		423C18742459CC8300EB564B /* AppDelegate.swift in Sources */ = {isa = PBXBuildFile; fileRef = 423C18732459CC8300EB564B /* AppDelegate.swift */; };
		423C18762459CC8300EB564B /* SceneDelegate.swift in Sources */ = {isa = PBXBuildFile; fileRef = 423C18752459CC8300EB564B /* SceneDelegate.swift */; };
		423C187D2459CC8700EB564B /* Assets.xcassets in Resources */ = {isa = PBXBuildFile; fileRef = 423C187C2459CC8700EB564B /* Assets.xcassets */; };
		423C18802459CC8700EB564B /* LaunchScreen.storyboard in Resources */ = {isa = PBXBuildFile; fileRef = 423C187E2459CC8700EB564B /* LaunchScreen.storyboard */; };
		423C18892459D1D900EB564B /* TipCalculator.storyboard in Resources */ = {isa = PBXBuildFile; fileRef = 423C18882459D1D900EB564B /* TipCalculator.storyboard */; };
		423C188B2459DA5100EB564B /* TipCalculatorViewController.swift in Sources */ = {isa = PBXBuildFile; fileRef = 423C188A2459DA5100EB564B /* TipCalculatorViewController.swift */; };
		423C188D245A19FF00EB564B /* Tip.swift in Sources */ = {isa = PBXBuildFile; fileRef = 423C188C245A19FF00EB564B /* Tip.swift */; };
		423C188F245A1ACE00EB564B /* tipCalcViewModel.swift in Sources */ = {isa = PBXBuildFile; fileRef = 423C188E245A1ACE00EB564B /* tipCalcViewModel.swift */; };
		423C1891245A1C9000EB564B /* Extensions.swift in Sources */ = {isa = PBXBuildFile; fileRef = 423C1890245A1C9000EB564B /* Extensions.swift */; };
/* End PBXBuildFile section */

/* Begin PBXFileReference section */
		423C18702459CC8300EB564B /* TIP-Calculator.app */ = {isa = PBXFileReference; explicitFileType = wrapper.application; includeInIndex = 0; path = "TIP-Calculator.app"; sourceTree = BUILT_PRODUCTS_DIR; };
		423C18732459CC8300EB564B /* AppDelegate.swift */ = {isa = PBXFileReference; lastKnownFileType = sourcecode.swift; path = AppDelegate.swift; sourceTree = "<group>"; };
		423C18752459CC8300EB564B /* SceneDelegate.swift */ = {isa = PBXFileReference; lastKnownFileType = sourcecode.swift; path = SceneDelegate.swift; sourceTree = "<group>"; };
		423C187C2459CC8700EB564B /* Assets.xcassets */ = {isa = PBXFileReference; lastKnownFileType = folder.assetcatalog; path = Assets.xcassets; sourceTree = "<group>"; };
		423C187F2459CC8700EB564B /* Base */ = {isa = PBXFileReference; lastKnownFileType = file.storyboard; name = Base; path = Base.lproj/LaunchScreen.storyboard; sourceTree = "<group>"; };
		423C18812459CC8700EB564B /* Info.plist */ = {isa = PBXFileReference; lastKnownFileType = text.plist.xml; path = Info.plist; sourceTree = "<group>"; };
		423C18882459D1D900EB564B /* TipCalculator.storyboard */ = {isa = PBXFileReference; lastKnownFileType = file.storyboard; path = TipCalculator.storyboard; sourceTree = "<group>"; };
		423C188A2459DA5100EB564B /* TipCalculatorViewController.swift */ = {isa = PBXFileReference; lastKnownFileType = sourcecode.swift; path = TipCalculatorViewController.swift; sourceTree = "<group>"; };
		423C188C245A19FF00EB564B /* Tip.swift */ = {isa = PBXFileReference; lastKnownFileType = sourcecode.swift; path = Tip.swift; sourceTree = "<group>"; };
		423C188E245A1ACE00EB564B /* tipCalcViewModel.swift */ = {isa = PBXFileReference; lastKnownFileType = sourcecode.swift; path = tipCalcViewModel.swift; sourceTree = "<group>"; };
		423C1890245A1C9000EB564B /* Extensions.swift */ = {isa = PBXFileReference; lastKnownFileType = sourcecode.swift; path = Extensions.swift; sourceTree = "<group>"; };
/* End PBXFileReference section */

/* Begin PBXFrameworksBuildPhase section */
		423C186D2459CC8300EB564B /* Frameworks */ = {
			isa = PBXFrameworksBuildPhase;
			buildActionMask = 2147483647;
			files = (
			);
			runOnlyForDeploymentPostprocessing = 0;
		};
/* End PBXFrameworksBuildPhase section */

/* Begin PBXGroup section */
		423C18672459CC8300EB564B = {
			isa = PBXGroup;
			children = (
				423C18722459CC8300EB564B /* TIP-Calculator */,
				423C18712459CC8300EB564B /* Products */,
			);
			sourceTree = "<group>";
		};
		423C18712459CC8300EB564B /* Products */ = {
			isa = PBXGroup;
			children = (
				423C18702459CC8300EB564B /* TIP-Calculator.app */,
			);
			name = Products;
			sourceTree = "<group>";
		};
		423C18722459CC8300EB564B /* TIP-Calculator */ = {
			isa = PBXGroup;
			children = (
				423C18872459D1AC00EB564B /* Storyboards */,
				423C18732459CC8300EB564B /* AppDelegate.swift */,
				423C188C245A19FF00EB564B /* Tip.swift */,
				423C188E245A1ACE00EB564B /* tipCalcViewModel.swift */,
				423C1890245A1C9000EB564B /* Extensions.swift */,
				423C188A2459DA5100EB564B /* TipCalculatorViewController.swift */,
				423C18752459CC8300EB564B /* SceneDelegate.swift */,
				423C187C2459CC8700EB564B /* Assets.xcassets */,
				423C187E2459CC8700EB564B /* LaunchScreen.storyboard */,
				423C18812459CC8700EB564B /* Info.plist */,
			);
			path = "TIP-Calculator";
			sourceTree = "<group>";
		};
		423C18872459D1AC00EB564B /* Storyboards */ = {
			isa = PBXGroup;
			children = (
				423C18882459D1D900EB564B /* TipCalculator.storyboard */,
			);
			path = Storyboards;
			sourceTree = "<group>";
		};
/* End PBXGroup section */

/* Begin PBXNativeTarget section */
		423C186F2459CC8300EB564B /* TIP-Calculator */ = {
			isa = PBXNativeTarget;
			buildConfigurationList = 423C18842459CC8700EB564B /* Build configuration list for PBXNativeTarget "TIP-Calculator" */;
			buildPhases = (
				423C186C2459CC8300EB564B /* Sources */,
				423C186D2459CC8300EB564B /* Frameworks */,
				423C186E2459CC8300EB564B /* Resources */,
			);
			buildRules = (
			);
			dependencies = (
			);
			name = "TIP-Calculator";
			productName = "TIP-Calculator";
			productReference = 423C18702459CC8300EB564B /* TIP-Calculator.app */;
			productType = "com.apple.product-type.application";
		};
/* End PBXNativeTarget section */

/* Begin PBXProject section */
		423C18682459CC8300EB564B /* Project object */ = {
			isa = PBXProject;
			attributes = {
				LastSwiftUpdateCheck = 1140;
				LastUpgradeCheck = 1140;
				ORGANIZATIONNAME = as;
				TargetAttributes = {
					423C186F2459CC8300EB564B = {
						CreatedOnToolsVersion = 11.4.1;
					};
				};
			};
			buildConfigurationList = 423C186B2459CC8300EB564B /* Build configuration list for PBXProject "TIP-Calculator" */;
			compatibilityVersion = "Xcode 9.3";
			developmentRegion = en;
			hasScannedForEncodings = 0;
			knownRegions = (
				en,
				Base,
			);
			mainGroup = 423C18672459CC8300EB564B;
			productRefGroup = 423C18712459CC8300EB564B /* Products */;
			projectDirPath = "";
			projectRoot = "";
			targets = (
				423C186F2459CC8300EB564B /* TIP-Calculator */,
			);
		};
/* End PBXProject section */

/* Begin PBXResourcesBuildPhase section */
		423C186E2459CC8300EB564B /* Resources */ = {
			isa = PBXResourcesBuildPhase;
			buildActionMask = 2147483647;
			files = (
				423C18802459CC8700EB564B /* LaunchScreen.storyboard in Resources */,
				423C18892459D1D900EB564B /* TipCalculator.storyboard in Resources */,
				423C187D2459CC8700EB564B /* Assets.xcassets in Resources */,
			);
			runOnlyForDeploymentPostprocessing = 0;
		};
/* End PBXResourcesBuildPhase section */

/* Begin PBXSourcesBuildPhase section */
		423C186C2459CC8300EB564B /* Sources */ = {
			isa = PBXSourcesBuildPhase;
			buildActionMask = 2147483647;
			files = (
				423C18742459CC8300EB564B /* AppDelegate.swift in Sources */,
				423C1891245A1C9000EB564B /* Extensions.swift in Sources */,
				423C188D245A19FF00EB564B /* Tip.swift in Sources */,
				423C188F245A1ACE00EB564B /* tipCalcViewModel.swift in Sources */,
				423C188B2459DA5100EB564B /* TipCalculatorViewController.swift in Sources */,
				423C18762459CC8300EB564B /* SceneDelegate.swift in Sources */,
			);
			runOnlyForDeploymentPostprocessing = 0;
		};
/* End PBXSourcesBuildPhase section */

/* Begin PBXVariantGroup section */
		423C187E2459CC8700EB564B /* LaunchScreen.storyboard */ = {
			isa = PBXVariantGroup;
			children = (
				423C187F2459CC8700EB564B /* Base */,
			);
			name = LaunchScreen.storyboard;
			sourceTree = "<group>";
		};
/* End PBXVariantGroup section */

/* Begin XCBuildConfiguration section */
		423C18822459CC8700EB564B /* Debug */ = {
			isa = XCBuildConfiguration;
			buildSettings = {
				ALWAYS_SEARCH_USER_PATHS = NO;
				CLANG_ANALYZER_NONNULL = YES;
				CLANG_ANALYZER_NUMBER_OBJECT_CONVERSION = YES_AGGRESSIVE;
				CLANG_CXX_LANGUAGE_STANDARD = "gnu++14";
				CLANG_CXX_LIBRARY = "libc++";
				CLANG_ENABLE_MODULES = YES;
				CLANG_ENABLE_OBJC_ARC = YES;
				CLANG_ENABLE_OBJC_WEAK = YES;
				CLANG_WARN_BLOCK_CAPTURE_AUTORELEASING = YES;
				CLANG_WARN_BOOL_CONVERSION = YES;
				CLANG_WARN_COMMA = YES;
				CLANG_WARN_CONSTANT_CONVERSION = YES;
				CLANG_WARN_DEPRECATED_OBJC_IMPLEMENTATIONS = YES;
				CLANG_WARN_DIRECT_OBJC_ISA_USAGE = YES_ERROR;
				CLANG_WARN_DOCUMENTATION_COMMENTS = YES;
				CLANG_WARN_EMPTY_BODY = YES;
				CLANG_WARN_ENUM_CONVERSION = YES;
				CLANG_WARN_INFINITE_RECURSION = YES;
				CLANG_WARN_INT_CONVERSION = YES;
				CLANG_WARN_NON_LITERAL_NULL_CONVERSION = YES;
				CLANG_WARN_OBJC_IMPLICIT_RETAIN_SELF = YES;
				CLANG_WARN_OBJC_LITERAL_CONVERSION = YES;
				CLANG_WARN_OBJC_ROOT_CLASS = YES_ERROR;
				CLANG_WARN_RANGE_LOOP_ANALYSIS = YES;
				CLANG_WARN_STRICT_PROTOTYPES = YES;
				CLANG_WARN_SUSPICIOUS_MOVE = YES;
				CLANG_WARN_UNGUARDED_AVAILABILITY = YES_AGGRESSIVE;
				CLANG_WARN_UNREACHABLE_CODE = YES;
				CLANG_WARN__DUPLICATE_METHOD_MATCH = YES;
				COPY_PHASE_STRIP = NO;
				DEBUG_INFORMATION_FORMAT = dwarf;
				ENABLE_STRICT_OBJC_MSGSEND = YES;
				ENABLE_TESTABILITY = YES;
				GCC_C_LANGUAGE_STANDARD = gnu11;
				GCC_DYNAMIC_NO_PIC = NO;
				GCC_NO_COMMON_BLOCKS = YES;
				GCC_OPTIMIZATION_LEVEL = 0;
				GCC_PREPROCESSOR_DEFINITIONS = (
					"DEBUG=1",
					"$(inherited)",
				);
				GCC_WARN_64_TO_32_BIT_CONVERSION = YES;
				GCC_WARN_ABOUT_RETURN_TYPE = YES_ERROR;
				GCC_WARN_UNDECLARED_SELECTOR = YES;
				GCC_WARN_UNINITIALIZED_AUTOS = YES_AGGRESSIVE;
				GCC_WARN_UNUSED_FUNCTION = YES;
				GCC_WARN_UNUSED_VARIABLE = YES;
				IPHONEOS_DEPLOYMENT_TARGET = 13.4;
				MTL_ENABLE_DEBUG_INFO = INCLUDE_SOURCE;
				MTL_FAST_MATH = YES;
				ONLY_ACTIVE_ARCH = YES;
				SDKROOT = iphoneos;
				SWIFT_ACTIVE_COMPILATION_CONDITIONS = DEBUG;
				SWIFT_OPTIMIZATION_LEVEL = "-Onone";
			};
			name = Debug;
		};
		423C18832459CC8700EB564B /* Release */ = {
			isa = XCBuildConfiguration;
			buildSettings = {
				ALWAYS_SEARCH_USER_PATHS = NO;
				CLANG_ANALYZER_NONNULL = YES;
				CLANG_ANALYZER_NUMBER_OBJECT_CONVERSION = YES_AGGRESSIVE;
				CLANG_CXX_LANGUAGE_STANDARD = "gnu++14";
				CLANG_CXX_LIBRARY = "libc++";
				CLANG_ENABLE_MODULES = YES;
				CLANG_ENABLE_OBJC_ARC = YES;
				CLANG_ENABLE_OBJC_WEAK = YES;
				CLANG_WARN_BLOCK_CAPTURE_AUTORELEASING = YES;
				CLANG_WARN_BOOL_CONVERSION = YES;
				CLANG_WARN_COMMA = YES;
				CLANG_WARN_CONSTANT_CONVERSION = YES;
				CLANG_WARN_DEPRECATED_OBJC_IMPLEMENTATIONS = YES;
				CLANG_WARN_DIRECT_OBJC_ISA_USAGE = YES_ERROR;
				CLANG_WARN_DOCUMENTATION_COMMENTS = YES;
				CLANG_WARN_EMPTY_BODY = YES;
				CLANG_WARN_ENUM_CONVERSION = YES;
				CLANG_WARN_INFINITE_RECURSION = YES;
				CLANG_WARN_INT_CONVERSION = YES;
				CLANG_WARN_NON_LITERAL_NULL_CONVERSION = YES;
				CLANG_WARN_OBJC_IMPLICIT_RETAIN_SELF = YES;
				CLANG_WARN_OBJC_LITERAL_CONVERSION = YES;
				CLANG_WARN_OBJC_ROOT_CLASS = YES_ERROR;
				CLANG_WARN_RANGE_LOOP_ANALYSIS = YES;
				CLANG_WARN_STRICT_PROTOTYPES = YES;
				CLANG_WARN_SUSPICIOUS_MOVE = YES;
				CLANG_WARN_UNGUARDED_AVAILABILITY = YES_AGGRESSIVE;
				CLANG_WARN_UNREACHABLE_CODE = YES;
				CLANG_WARN__DUPLICATE_METHOD_MATCH = YES;
				COPY_PHASE_STRIP = NO;
				DEBUG_INFORMATION_FORMAT = "dwarf-with-dsym";
				ENABLE_NS_ASSERTIONS = NO;
				ENABLE_STRICT_OBJC_MSGSEND = YES;
				GCC_C_LANGUAGE_STANDARD = gnu11;
				GCC_NO_COMMON_BLOCKS = YES;
				GCC_WARN_64_TO_32_BIT_CONVERSION = YES;
				GCC_WARN_ABOUT_RETURN_TYPE = YES_ERROR;
				GCC_WARN_UNDECLARED_SELECTOR = YES;
				GCC_WARN_UNINITIALIZED_AUTOS = YES_AGGRESSIVE;
				GCC_WARN_UNUSED_FUNCTION = YES;
				GCC_WARN_UNUSED_VARIABLE = YES;
				IPHONEOS_DEPLOYMENT_TARGET = 13.4;
				MTL_ENABLE_DEBUG_INFO = NO;
				MTL_FAST_MATH = YES;
				SDKROOT = iphoneos;
				SWIFT_COMPILATION_MODE = wholemodule;
				SWIFT_OPTIMIZATION_LEVEL = "-O";
				VALIDATE_PRODUCT = YES;
			};
			name = Release;
		};
		423C18852459CC8700EB564B /* Debug */ = {
			isa = XCBuildConfiguration;
			buildSettings = {
				ASSETCATALOG_COMPILER_APPICON_NAME = AppIcon;
				CODE_SIGN_STYLE = Automatic;
				INFOPLIST_FILE = "TIP-Calculator/Info.plist";
				LD_RUNPATH_SEARCH_PATHS = (
					"$(inherited)",
					"@executable_path/Frameworks",
				);
				PRODUCT_BUNDLE_IDENTIFIER = "nawaf.TIP-Calculator";
				PRODUCT_NAME = "$(TARGET_NAME)";
				SWIFT_VERSION = 5.0;
				TARGETED_DEVICE_FAMILY = "1,2";
			};
			name = Debug;
		};
		423C18862459CC8700EB564B /* Release */ = {
			isa = XCBuildConfiguration;
			buildSettings = {
				ASSETCATALOG_COMPILER_APPICON_NAME = AppIcon;
				CODE_SIGN_STYLE = Automatic;
				INFOPLIST_FILE = "TIP-Calculator/Info.plist";
				LD_RUNPATH_SEARCH_PATHS = (
					"$(inherited)",
					"@executable_path/Frameworks",
				);
				PRODUCT_BUNDLE_IDENTIFIER = "nawaf.TIP-Calculator";
				PRODUCT_NAME = "$(TARGET_NAME)";
				SWIFT_VERSION = 5.0;
				TARGETED_DEVICE_FAMILY = "1,2";
			};
			name = Release;
		};
/* End XCBuildConfiguration section */

/* Begin XCConfigurationList section */
		423C186B2459CC8300EB564B /* Build configuration list for PBXProject "TIP-Calculator" */ = {
			isa = XCConfigurationList;
			buildConfigurations = (
				423C18822459CC8700EB564B /* Debug */,
				423C18832459CC8700EB564B /* Release */,
			);
			defaultConfigurationIsVisible = 0;
			defaultConfigurationName = Release;
		};
		423C18842459CC8700EB564B /* Build configuration list for PBXNativeTarget "TIP-Calculator" */ = {
			isa = XCConfigurationList;
			buildConfigurations = (
				423C18852459CC8700EB564B /* Debug */,
				423C18862459CC8700EB564B /* Release */,
			);
			defaultConfigurationIsVisible = 0;
			defaultConfigurationName = Release;
		};
/* End XCConfigurationList section */
	};
	rootObject = 423C18682459CC8300EB564B /* Project object */;
}
